// !$*UTF8*$!
{
	archiveVersion = 1;
	classes = {
	};
	objectVersion = 70;
	objects = {

/* Begin PBXBuildFile section */
		2A0000010000000000000001 /* NeverGoneDemoApp.swift in Sources */ = {isa = PBXBuildFile; fileRef = 2A0000020000000000000001 /* NeverGoneDemoApp.swift */; };
		2A0000030000000000000001 /* Config.swift in Sources */ = {isa = PBXBuildFile; fileRef = 2A0000040000000000000001 /* Config.swift */; };
		2A0000050000000000000001 /* Models.swift in Sources */ = {isa = PBXBuildFile; fileRef = 2A0000060000000000000001 /* Models.swift */; };
		2A0000070000000000000001 /* MemoryService.swift in Sources */ = {isa = PBXBuildFile; fileRef = 2A0000080000000000000001 /* MemoryService.swift */; };
		2A00000B0000000000000001 /* StreamingService.swift in Sources */ = {isa = PBXBuildFile; fileRef = 2A00000C0000000000000001 /* StreamingService.swift */; };
		2A00000D0000000000000001 /* SupabaseClient.swift in Sources */ = {isa = PBXBuildFile; fileRef = 2A00000E0000000000000001 /* SupabaseClient.swift */; };
		2A00000F0000000000000001 /* AuthViewModel.swift in Sources */ = {isa = PBXBuildFile; fileRef = 2A0000100000000000000001 /* AuthViewModel.swift */; };
		2A0000110000000000000001 /* ChatViewModel.swift in Sources */ = {isa = PBXBuildFile; fileRef = 2A0000120000000000000001 /* ChatViewModel.swift */; };
		2A0000130000000000000001 /* SessionListViewModel.swift in Sources */ = {isa = PBXBuildFile; fileRef = 2A0000140000000000000001 /* SessionListViewModel.swift */; };
		2A0000150000000000000001 /* AuthView.swift in Sources */ = {isa = PBXBuildFile; fileRef = 2A0000160000000000000001 /* AuthView.swift */; };
		2A0000170000000000000001 /* ChatView.swift in Sources */ = {isa = PBXBuildFile; fileRef = 2A0000180000000000000001 /* ChatView.swift */; };
		2A0000190000000000000001 /* SessionListView.swift in Sources */ = {isa = PBXBuildFile; fileRef = 2A00001A0000000000000001 /* SessionListView.swift */; };
		2A00001B0000000000000001 /* Supabase in Frameworks */ = {isa = PBXBuildFile; productRef = 2A00001C0000000000000001 /* Supabase */; };
		2A00001D0000000000000001 /* Assets.xcassets in Resources */ = {isa = PBXBuildFile; fileRef = 2A00001E0000000000000001 /* Assets.xcassets */; };
/* End PBXBuildFile section */

/* Begin PBXContainerItemProxy section */
		5049C6242F37D3D1000BDB87 /* PBXContainerItemProxy */ = {
			isa = PBXContainerItemProxy;
			containerPortal = 2A00002C0000000000000001 /* Project object */;
			proxyType = 1;
			remoteGlobalIDString = 2A0000280000000000000001;
			remoteInfo = NeverGoneDemo;
		};
/* End PBXContainerItemProxy section */

/* Begin PBXFileReference section */
		2A0000020000000000000001 /* NeverGoneDemoApp.swift */ = {isa = PBXFileReference; lastKnownFileType = sourcecode.swift; path = NeverGoneDemoApp.swift; sourceTree = "<group>"; };
		2A0000040000000000000001 /* Config.swift */ = {isa = PBXFileReference; lastKnownFileType = sourcecode.swift; path = Config.swift; sourceTree = "<group>"; };
		2A0000060000000000000001 /* Models.swift */ = {isa = PBXFileReference; lastKnownFileType = sourcecode.swift; path = Models.swift; sourceTree = "<group>"; };
		2A0000080000000000000001 /* MemoryService.swift */ = {isa = PBXFileReference; lastKnownFileType = sourcecode.swift; path = MemoryService.swift; sourceTree = "<group>"; };
		2A00000C0000000000000001 /* StreamingService.swift */ = {isa = PBXFileReference; lastKnownFileType = sourcecode.swift; path = StreamingService.swift; sourceTree = "<group>"; };
		2A00000E0000000000000001 /* SupabaseClient.swift */ = {isa = PBXFileReference; lastKnownFileType = sourcecode.swift; path = SupabaseClient.swift; sourceTree = "<group>"; };
		2A0000100000000000000001 /* AuthViewModel.swift */ = {isa = PBXFileReference; lastKnownFileType = sourcecode.swift; path = AuthViewModel.swift; sourceTree = "<group>"; };
		2A0000120000000000000001 /* ChatViewModel.swift */ = {isa = PBXFileReference; lastKnownFileType = sourcecode.swift; path = ChatViewModel.swift; sourceTree = "<group>"; };
		2A0000140000000000000001 /* SessionListViewModel.swift */ = {isa = PBXFileReference; lastKnownFileType = sourcecode.swift; path = SessionListViewModel.swift; sourceTree = "<group>"; };
		2A0000160000000000000001 /* AuthView.swift */ = {isa = PBXFileReference; lastKnownFileType = sourcecode.swift; path = AuthView.swift; sourceTree = "<group>"; };
		2A0000180000000000000001 /* ChatView.swift */ = {isa = PBXFileReference; lastKnownFileType = sourcecode.swift; path = ChatView.swift; sourceTree = "<group>"; };
		2A00001A0000000000000001 /* SessionListView.swift */ = {isa = PBXFileReference; lastKnownFileType = sourcecode.swift; path = SessionListView.swift; sourceTree = "<group>"; };
		2A00001E0000000000000001 /* Assets.xcassets */ = {isa = PBXFileReference; lastKnownFileType = folder.assetcatalog; path = Assets.xcassets; sourceTree = "<group>"; };
		2A00001F0000000000000001 /* NeverGoneDemo.app */ = {isa = PBXFileReference; explicitFileType = wrapper.application; includeInIndex = 0; path = NeverGoneDemo.app; sourceTree = BUILT_PRODUCTS_DIR; };
		5049C6202F37D3D1000BDB87 /* NeverGoneDemoTests.xctest */ = {isa = PBXFileReference; explicitFileType = wrapper.cfbundle; includeInIndex = 0; path = NeverGoneDemoTests.xctest; sourceTree = BUILT_PRODUCTS_DIR; };
/* End PBXFileReference section */

/* Begin PBXFileSystemSynchronizedRootGroup section */
		5049C6212F37D3D1000BDB87 /* NeverGoneDemoTests */ = {isa = PBXFileSystemSynchronizedRootGroup; explicitFileTypes = {}; explicitFolders = (); path = NeverGoneDemoTests; sourceTree = "<group>"; };
/* End PBXFileSystemSynchronizedRootGroup section */

/* Begin PBXFrameworksBuildPhase section */
		2A0000200000000000000001 /* Frameworks */ = {
			isa = PBXFrameworksBuildPhase;
			buildActionMask = 2147483647;
			files = (
				2A00001B0000000000000001 /* Supabase in Frameworks */,
			);
			runOnlyForDeploymentPostprocessing = 0;
		};
		5049C61D2F37D3D1000BDB87 /* Frameworks */ = {
			isa = PBXFrameworksBuildPhase;
			buildActionMask = 2147483647;
			files = (
			);
			runOnlyForDeploymentPostprocessing = 0;
		};
/* End PBXFrameworksBuildPhase section */

/* Begin PBXGroup section */
		2A0000210000000000000001 = {
			isa = PBXGroup;
			children = (
				2A0000220000000000000001 /* NeverGoneDemo */,
				5049C6212F37D3D1000BDB87 /* NeverGoneDemoTests */,
				2A0000230000000000000001 /* Products */,
			);
			sourceTree = "<group>";
		};
		2A0000220000000000000001 /* NeverGoneDemo */ = {
			isa = PBXGroup;
			children = (
				2A0000020000000000000001 /* NeverGoneDemoApp.swift */,
				2A0000040000000000000001 /* Config.swift */,
				2A00001E0000000000000001 /* Assets.xcassets */,
				2A0000240000000000000001 /* Models */,
				2A0000250000000000000001 /* Services */,
				2A0000260000000000000001 /* ViewModels */,
				2A0000270000000000000001 /* Views */,
			);
			path = NeverGoneDemo;
			sourceTree = "<group>";
		};
		2A0000230000000000000001 /* Products */ = {
			isa = PBXGroup;
			children = (
				2A00001F0000000000000001 /* NeverGoneDemo.app */,
				5049C6202F37D3D1000BDB87 /* NeverGoneDemoTests.xctest */,
			);
			name = Products;
			sourceTree = "<group>";
		};
		2A0000240000000000000001 /* Models */ = {
			isa = PBXGroup;
			children = (
				2A0000060000000000000001 /* Models.swift */,
			);
			path = Models;
			sourceTree = "<group>";
		};
		2A0000250000000000000001 /* Services */ = {
			isa = PBXGroup;
			children = (
				2A0000080000000000000001 /* MemoryService.swift */,
				2A00000C0000000000000001 /* StreamingService.swift */,
				2A00000E0000000000000001 /* SupabaseClient.swift */,
			);
			path = Services;
			sourceTree = "<group>";
		};
		2A0000260000000000000001 /* ViewModels */ = {
			isa = PBXGroup;
			children = (
				2A0000100000000000000001 /* AuthViewModel.swift */,
				2A0000120000000000000001 /* ChatViewModel.swift */,
				2A0000140000000000000001 /* SessionListViewModel.swift */,
			);
			path = ViewModels;
			sourceTree = "<group>";
		};
		2A0000270000000000000001 /* Views */ = {
			isa = PBXGroup;
			children = (
				2A0000160000000000000001 /* AuthView.swift */,
				2A0000180000000000000001 /* ChatView.swift */,
				2A00001A0000000000000001 /* SessionListView.swift */,
			);
			path = Views;
			sourceTree = "<group>";
		};
/* End PBXGroup section */

/* Begin PBXNativeTarget section */
		2A0000280000000000000001 /* NeverGoneDemo */ = {
			isa = PBXNativeTarget;
			buildConfigurationList = 2A0000290000000000000001 /* Build configuration list for PBXNativeTarget "NeverGoneDemo" */;
			buildPhases = (
				2A00002A0000000000000001 /* Sources */,
				2A0000200000000000000001 /* Frameworks */,
				2A00002B0000000000000001 /* Resources */,
			);
			buildRules = (
			);
			dependencies = (
			);
			name = NeverGoneDemo;
			packageProductDependencies = (
				2A00001C0000000000000001 /* Supabase */,
			);
			productName = NeverGoneDemo;
			productReference = 2A00001F0000000000000001 /* NeverGoneDemo.app */;
			productType = "com.apple.product-type.application";
		};
		5049C61F2F37D3D1000BDB87 /* NeverGoneDemoTests */ = {
			isa = PBXNativeTarget;
			buildConfigurationList = 5049C6282F37D3D1000BDB87 /* Build configuration list for PBXNativeTarget "NeverGoneDemoTests" */;
			buildPhases = (
				5049C61C2F37D3D1000BDB87 /* Sources */,
				5049C61D2F37D3D1000BDB87 /* Frameworks */,
				5049C61E2F37D3D1000BDB87 /* Resources */,
			);
			buildRules = (
			);
			dependencies = (
				5049C6252F37D3D1000BDB87 /* PBXTargetDependency */,
			);
			fileSystemSynchronizedGroups = (
				5049C6212F37D3D1000BDB87 /* NeverGoneDemoTests */,
			);
			name = NeverGoneDemoTests;
			packageProductDependencies = (
			);
			productName = NeverGoneDemoTests;
			productReference = 5049C6202F37D3D1000BDB87 /* NeverGoneDemoTests.xctest */;
			productType = "com.apple.product-type.bundle.unit-test";
		};
/* End PBXNativeTarget section */

/* Begin PBXProject section */
		2A00002C0000000000000001 /* Project object */ = {
			isa = PBXProject;
			attributes = {
				BuildIndependentTargetsInParallel = 1;
				LastSwiftUpdateCheck = 2620;
				LastUpgradeCheck = 1520;
				TargetAttributes = {
					2A0000280000000000000001 = {
						CreatedOnToolsVersion = 15.2;
					};
					5049C61F2F37D3D1000BDB87 = {
						CreatedOnToolsVersion = 26.2;
						TestTargetID = 2A0000280000000000000001;
					};
				};
			};
			buildConfigurationList = 2A00002D0000000000000001 /* Build configuration list for PBXProject "NeverGoneDemo" */;
			compatibilityVersion = "Xcode 14.0";
			developmentRegion = en;
			hasScannedForEncodings = 0;
			knownRegions = (
				en,
				Base,
			);
			mainGroup = 2A0000210000000000000001;
			packageReferences = (
				2A00002E0000000000000001 /* XCRemoteSwiftPackageReference "supabase-swift" */,
			);
			productRefGroup = 2A0000230000000000000001 /* Products */;
			projectDirPath = "";
			projectRoot = "";
			targets = (
				2A0000280000000000000001 /* NeverGoneDemo */,
				5049C61F2F37D3D1000BDB87 /* NeverGoneDemoTests */,
			);
		};
/* End PBXProject section */

/* Begin PBXResourcesBuildPhase section */
		2A00002B0000000000000001 /* Resources */ = {
			isa = PBXResourcesBuildPhase;
			buildActionMask = 2147483647;
			files = (
				2A00001D0000000000000001 /* Assets.xcassets in Resources */,
			);
			runOnlyForDeploymentPostprocessing = 0;
		};
		5049C61E2F37D3D1000BDB87 /* Resources */ = {
			isa = PBXResourcesBuildPhase;
			buildActionMask = 2147483647;
			files = (
			);
			runOnlyForDeploymentPostprocessing = 0;
		};
/* End PBXResourcesBuildPhase section */

/* Begin PBXSourcesBuildPhase section */
		2A00002A0000000000000001 /* Sources */ = {
			isa = PBXSourcesBuildPhase;
			buildActionMask = 2147483647;
			files = (
				2A0000010000000000000001 /* NeverGoneDemoApp.swift in Sources */,
				2A0000030000000000000001 /* Config.swift in Sources */,
				2A0000050000000000000001 /* Models.swift in Sources */,
				2A0000070000000000000001 /* MemoryService.swift in Sources */,
				2A00000B0000000000000001 /* StreamingService.swift in Sources */,
				2A00000D0000000000000001 /* SupabaseClient.swift in Sources */,
				2A00000F0000000000000001 /* AuthViewModel.swift in Sources */,
				2A0000110000000000000001 /* ChatViewModel.swift in Sources */,
				2A0000130000000000000001 /* SessionListViewModel.swift in Sources */,
				2A0000150000000000000001 /* AuthView.swift in Sources */,
				2A0000170000000000000001 /* ChatView.swift in Sources */,
				2A0000190000000000000001 /* SessionListView.swift in Sources */,
			);
			runOnlyForDeploymentPostprocessing = 0;
		};
		5049C61C2F37D3D1000BDB87 /* Sources */ = {
			isa = PBXSourcesBuildPhase;
			buildActionMask = 2147483647;
			files = (
			);
			runOnlyForDeploymentPostprocessing = 0;
		};
/* End PBXSourcesBuildPhase section */

/* Begin PBXTargetDependency section */
		5049C6252F37D3D1000BDB87 /* PBXTargetDependency */ = {
			isa = PBXTargetDependency;
			target = 2A0000280000000000000001 /* NeverGoneDemo */;
			targetProxy = 5049C6242F37D3D1000BDB87 /* PBXContainerItemProxy */;
		};
/* End PBXTargetDependency section */

/* Begin XCBuildConfiguration section */
		2A00002F0000000000000001 /* Debug */ = {
			isa = XCBuildConfiguration;
			buildSettings = {
				ALWAYS_SEARCH_USER_PATHS = NO;
				ASSETCATALOG_COMPILER_GENERATE_SWIFT_ASSET_SYMBOL_EXTENSIONS = YES;
				CLANG_ANALYZER_NONNULL = YES;
				CLANG_ANALYZER_NUMBER_OBJECT_CONVERSION = YES_AGGRESSIVE;
				CLANG_CXX_LANGUAGE_STANDARD = "gnu++20";
				CLANG_ENABLE_MODULES = YES;
				CLANG_ENABLE_OBJC_ARC = YES;
				CLANG_ENABLE_OBJC_WEAK = YES;
				CLANG_WARN_BLOCK_CAPTURE_AUTORELEASING = YES;
				CLANG_WARN_BOOL_CONVERSION = YES;
				CLANG_WARN_COMMA = YES;
				CLANG_WARN_CONSTANT_CONVERSION = YES;
				CLANG_WARN_DEPRECATED_OBJC_IMPLEMENTATIONS = YES;
				CLANG_WARN_DIRECT_OBJC_ISA_USAGE = YES_ERROR;
				CLANG_WARN_DOCUMENTATION_COMMENTS = YES;
				CLANG_WARN_EMPTY_BODY = YES;
				CLANG_WARN_ENUM_CONVERSION = YES;
				CLANG_WARN_INFINITE_RECURSION = YES;
				CLANG_WARN_INT_CONVERSION = YES;
				CLANG_WARN_NON_LITERAL_NULL_CONVERSION = YES;
				CLANG_WARN_OBJC_IMPLICIT_RETAIN_SELF = YES;
				CLANG_WARN_OBJC_LITERAL_CONVERSION = YES;
				CLANG_WARN_OBJC_ROOT_CLASS = YES_ERROR;
				CLANG_WARN_QUOTED_INCLUDE_IN_FRAMEWORK_HEADER = YES;
				CLANG_WARN_RANGE_LOOP_ANALYSIS = YES;
				CLANG_WARN_STRICT_PROTOTYPES = YES;
				CLANG_WARN_SUSPICIOUS_MOVE = YES;
				CLANG_WARN_UNGUARDED_AVAILABILITY = YES_AGGRESSIVE;
				CLANG_WARN_UNREACHABLE_CODE = YES;
				CLANG_WARN__DUPLICATE_METHOD_MATCH = YES;
				COPY_PHASE_STRIP = NO;
				DEBUG_INFORMATION_FORMAT = dwarf;
				ENABLE_STRICT_OBJC_MSGSEND = YES;
				ENABLE_TESTABILITY = YES;
				ENABLE_USER_SCRIPT_SANDBOXING = YES;
				GCC_C_LANGUAGE_STANDARD = gnu17;
				GCC_DYNAMIC_NO_PIC = NO;
				GCC_NO_COMMON_BLOCKS = YES;
				GCC_OPTIMIZATION_LEVEL = 0;
				GCC_PREPROCESSOR_DEFINITIONS = (
					"DEBUG=1",
					"$(inherited)",
				);
				GCC_WARN_64_TO_32_BIT_CONVERSION = YES;
				GCC_WARN_ABOUT_RETURN_TYPE = YES_ERROR;
				GCC_WARN_UNDECLARED_SELECTOR = YES;
				GCC_WARN_UNINITIALIZED_AUTOS = YES_AGGRESSIVE;
				GCC_WARN_UNUSED_FUNCTION = YES;
				GCC_WARN_UNUSED_VARIABLE = YES;
				IPHONEOS_DEPLOYMENT_TARGET = 17.0;
				LOCALIZATION_PREFERS_STRING_CATALOGS = YES;
				MTL_ENABLE_DEBUG_INFO = INCLUDE_SOURCE;
				MTL_FAST_MATH = YES;
				ONLY_ACTIVE_ARCH = YES;
				SDKROOT = iphoneos;
				SWIFT_ACTIVE_COMPILATION_CONDITIONS = "DEBUG $(inherited)";
				SWIFT_OPTIMIZATION_LEVEL = "-Onone";
			};
			name = Debug;
		};
		2A0000300000000000000001 /* Release */ = {
			isa = XCBuildConfiguration;
			buildSettings = {
				ALWAYS_SEARCH_USER_PATHS = NO;
				ASSETCATALOG_COMPILER_GENERATE_SWIFT_ASSET_SYMBOL_EXTENSIONS = YES;
				CLANG_ANALYZER_NONNULL = YES;
				CLANG_ANALYZER_NUMBER_OBJECT_CONVERSION = YES_AGGRESSIVE;
				CLANG_CXX_LANGUAGE_STANDARD = "gnu++20";
				CLANG_ENABLE_MODULES = YES;
				CLANG_ENABLE_OBJC_ARC = YES;
				CLANG_ENABLE_OBJC_WEAK = YES;
				CLANG_WARN_BLOCK_CAPTURE_AUTORELEASING = YES;
				CLANG_WARN_BOOL_CONVERSION = YES;
				CLANG_WARN_COMMA = YES;
				CLANG_WARN_CONSTANT_CONVERSION = YES;
				CLANG_WARN_DEPRECATED_OBJC_IMPLEMENTATIONS = YES;
				CLANG_WARN_DIRECT_OBJC_ISA_USAGE = YES_ERROR;
				CLANG_WARN_DOCUMENTATION_COMMENTS = YES;
				CLANG_WARN_EMPTY_BODY = YES;
				CLANG_WARN_ENUM_CONVERSION = YES;
				CLANG_WARN_INFINITE_RECURSION = YES;
				CLANG_WARN_INT_CONVERSION = YES;
				CLANG_WARN_NON_LITERAL_NULL_CONVERSION = YES;
				CLANG_WARN_OBJC_IMPLICIT_RETAIN_SELF = YES;
				CLANG_WARN_OBJC_LITERAL_CONVERSION = YES;
				CLANG_WARN_OBJC_ROOT_CLASS = YES_ERROR;
				CLANG_WARN_QUOTED_INCLUDE_IN_FRAMEWORK_HEADER = YES;
				CLANG_WARN_RANGE_LOOP_ANALYSIS = YES;
				CLANG_WARN_STRICT_PROTOTYPES = YES;
				CLANG_WARN_SUSPICIOUS_MOVE = YES;
				CLANG_WARN_UNGUARDED_AVAILABILITY = YES_AGGRESSIVE;
				CLANG_WARN_UNREACHABLE_CODE = YES;
				CLANG_WARN__DUPLICATE_METHOD_MATCH = YES;
				COPY_PHASE_STRIP = NO;
				DEBUG_INFORMATION_FORMAT = "dwarf-with-dsym";
				ENABLE_NS_ASSERTIONS = NO;
				ENABLE_STRICT_OBJC_MSGSEND = YES;
				ENABLE_USER_SCRIPT_SANDBOXING = YES;
				GCC_C_LANGUAGE_STANDARD = gnu17;
				GCC_NO_COMMON_BLOCKS = YES;
				GCC_WARN_64_TO_32_BIT_CONVERSION = YES;
				GCC_WARN_ABOUT_RETURN_TYPE = YES_ERROR;
				GCC_WARN_UNDECLARED_SELECTOR = YES;
				GCC_WARN_UNINITIALIZED_AUTOS = YES_AGGRESSIVE;
				GCC_WARN_UNUSED_FUNCTION = YES;
				GCC_WARN_UNUSED_VARIABLE = YES;
				IPHONEOS_DEPLOYMENT_TARGET = 17.0;
				LOCALIZATION_PREFERS_STRING_CATALOGS = YES;
				MTL_ENABLE_DEBUG_INFO = NO;
				MTL_FAST_MATH = YES;
				SDKROOT = iphoneos;
				SWIFT_COMPILATION_MODE = wholemodule;
				VALIDATE_PRODUCT = YES;
			};
			name = Release;
		};
		2A0000310000000000000001 /* Debug */ = {
			isa = XCBuildConfiguration;
			buildSettings = {
				ASSETCATALOG_COMPILER_APPICON_NAME = AppIcon;
				ASSETCATALOG_COMPILER_GLOBAL_ACCENT_COLOR_NAME = AccentColor;
				CODE_SIGN_STYLE = Automatic;
				CURRENT_PROJECT_VERSION = 1;
				DEVELOPMENT_TEAM = "";
				ENABLE_PREVIEWS = YES;
				GENERATE_INFOPLIST_FILE = YES;
				INFOPLIST_KEY_UIApplicationSceneManifest_Generation = YES;
				INFOPLIST_KEY_UIApplicationSupportsIndirectInputEvents = YES;
				INFOPLIST_KEY_UILaunchScreen_Generation = YES;
				INFOPLIST_KEY_UISupportedInterfaceOrientations_iPad = "UIInterfaceOrientationPortrait UIInterfaceOrientationPortraitUpsideDown UIInterfaceOrientationLandscapeLeft UIInterfaceOrientationLandscapeRight";
				INFOPLIST_KEY_UISupportedInterfaceOrientations_iPhone = "UIInterfaceOrientationPortrait UIInterfaceOrientationLandscapeLeft UIInterfaceOrientationLandscapeRight";
				LD_RUNPATH_SEARCH_PATHS = (
					"$(inherited)",
					"@executable_path/Frameworks",
				);
				MARKETING_VERSION = 1.0;
				PRODUCT_BUNDLE_IDENTIFIER = com.nevergone.demo;
				PRODUCT_NAME = "$(TARGET_NAME)";
				SWIFT_EMIT_LOC_STRINGS = YES;
				SWIFT_VERSION = 5.0;
				TARGETED_DEVICE_FAMILY = "1,2";
			};
			name = Debug;
		};
		2A0000320000000000000001 /* Release */ = {
			isa = XCBuildConfiguration;
			buildSettings = {
				ASSETCATALOG_COMPILER_APPICON_NAME = AppIcon;
				ASSETCATALOG_COMPILER_GLOBAL_ACCENT_COLOR_NAME = AccentColor;
				CODE_SIGN_STYLE = Automatic;
				CURRENT_PROJECT_VERSION = 1;
				DEVELOPMENT_TEAM = "";
				ENABLE_PREVIEWS = YES;
				GENERATE_INFOPLIST_FILE = YES;
				INFOPLIST_KEY_UIApplicationSceneManifest_Generation = YES;
				INFOPLIST_KEY_UIApplicationSupportsIndirectInputEvents = YES;
				INFOPLIST_KEY_UILaunchScreen_Generation = YES;
				INFOPLIST_KEY_UISupportedInterfaceOrientations_iPad = "UIInterfaceOrientationPortrait UIInterfaceOrientationPortraitUpsideDown UIInterfaceOrientationLandscapeLeft UIInterfaceOrientationLandscapeRight";
				INFOPLIST_KEY_UISupportedInterfaceOrientations_iPhone = "UIInterfaceOrientationPortrait UIInterfaceOrientationLandscapeLeft UIInterfaceOrientationLandscapeRight";
				LD_RUNPATH_SEARCH_PATHS = (
					"$(inherited)",
					"@executable_path/Frameworks",
				);
				MARKETING_VERSION = 1.0;
				PRODUCT_BUNDLE_IDENTIFIER = com.nevergone.demo;
				PRODUCT_NAME = "$(TARGET_NAME)";
				SWIFT_EMIT_LOC_STRINGS = YES;
				SWIFT_VERSION = 5.0;
				TARGETED_DEVICE_FAMILY = "1,2";
			};
			name = Release;
		};
		5049C6262F37D3D1000BDB87 /* Debug */ = {
			isa = XCBuildConfiguration;
			buildSettings = {
				BUNDLE_LOADER = "$(TEST_HOST)";
				CODE_SIGN_STYLE = Automatic;
				CURRENT_PROJECT_VERSION = 1;
				GENERATE_INFOPLIST_FILE = YES;
				IPHONEOS_DEPLOYMENT_TARGET = 26.2;
				MARKETING_VERSION = 1.0;
				PRODUCT_BUNDLE_IDENTIFIER = com.tanmay.NeverGoneDemoTests;
				PRODUCT_NAME = "$(TARGET_NAME)";
				STRING_CATALOG_GENERATE_SYMBOLS = NO;
				SWIFT_APPROACHABLE_CONCURRENCY = YES;
				SWIFT_EMIT_LOC_STRINGS = NO;
				SWIFT_UPCOMING_FEATURE_MEMBER_IMPORT_VISIBILITY = YES;
				SWIFT_VERSION = 5.0;
				TARGETED_DEVICE_FAMILY = "1,2";
				TEST_HOST = "$(BUILT_PRODUCTS_DIR)/NeverGoneDemo.app/$(BUNDLE_EXECUTABLE_FOLDER_PATH)/NeverGoneDemo";
			};
			name = Debug;
		};
		5049C6272F37D3D1000BDB87 /* Release */ = {
			isa = XCBuildConfiguration;
			buildSettings = {
				BUNDLE_LOADER = "$(TEST_HOST)";
				CODE_SIGN_STYLE = Automatic;
				CURRENT_PROJECT_VERSION = 1;
				GENERATE_INFOPLIST_FILE = YES;
				IPHONEOS_DEPLOYMENT_TARGET = 26.2;
				MARKETING_VERSION = 1.0;
				PRODUCT_BUNDLE_IDENTIFIER = com.tanmay.NeverGoneDemoTests;
				PRODUCT_NAME = "$(TARGET_NAME)";
				STRING_CATALOG_GENERATE_SYMBOLS = NO;
				SWIFT_APPROACHABLE_CONCURRENCY = YES;
				SWIFT_EMIT_LOC_STRINGS = NO;
				SWIFT_UPCOMING_FEATURE_MEMBER_IMPORT_VISIBILITY = YES;
				SWIFT_VERSION = 5.0;
				TARGETED_DEVICE_FAMILY = "1,2";
				TEST_HOST = "$(BUILT_PRODUCTS_DIR)/NeverGoneDemo.app/$(BUNDLE_EXECUTABLE_FOLDER_PATH)/NeverGoneDemo";
			};
			name = Release;
		};
/* End XCBuildConfiguration section */

/* Begin XCConfigurationList section */
		2A0000290000000000000001 /* Build configuration list for PBXNativeTarget "NeverGoneDemo" */ = {
			isa = XCConfigurationList;
			buildConfigurations = (
				2A0000310000000000000001 /* Debug */,
				2A0000320000000000000001 /* Release */,
			);
			defaultConfigurationIsVisible = 0;
			defaultConfigurationName = Release;
		};
		2A00002D0000000000000001 /* Build configuration list for PBXProject "NeverGoneDemo" */ = {
			isa = XCConfigurationList;
			buildConfigurations = (
				2A00002F0000000000000001 /* Debug */,
				2A0000300000000000000001 /* Release */,
			);
			defaultConfigurationIsVisible = 0;
			defaultConfigurationName = Release;
		};
		5049C6282F37D3D1000BDB87 /* Build configuration list for PBXNativeTarget "NeverGoneDemoTests" */ = {
			isa = XCConfigurationList;
			buildConfigurations = (
				5049C6262F37D3D1000BDB87 /* Debug */,
				5049C6272F37D3D1000BDB87 /* Release */,
			);
			defaultConfigurationIsVisible = 0;
			defaultConfigurationName = Release;
		};
/* End XCConfigurationList section */

/* Begin XCRemoteSwiftPackageReference section */
		2A00002E0000000000000001 /* XCRemoteSwiftPackageReference "supabase-swift" */ = {
			isa = XCRemoteSwiftPackageReference;
			repositoryURL = "https://github.com/supabase/supabase-swift.git";
			requirement = {
				kind = upToNextMajorVersion;
				minimumVersion = 2.0.0;
			};
		};
/* End XCRemoteSwiftPackageReference section */

/* Begin XCSwiftPackageProductDependency section */
		2A00001C0000000000000001 /* Supabase */ = {
			isa = XCSwiftPackageProductDependency;
			package = 2A00002E0000000000000001 /* XCRemoteSwiftPackageReference "supabase-swift" */;
			productName = Supabase;
		};
/* End XCSwiftPackageProductDependency section */
	};
	rootObject = 2A00002C0000000000000001 /* Project object */;
}
